
Microsoft Visual Studio Solution File, Format Version 12.00
# Visual Studio 15
VisualStudioVersion = 15.0.28307.539
MinimumVisualStudioVersion = 10.0.40219.1
Project("{FAE04EC0-301F-11D3-BF4B-00C04F79EFBC}") = "exercise1", "exercise1\exercise1.csproj", "{7BECF08B-9D5C-415A-A226-39249B5B6FDE}"
EndProject
Global
	GlobalSection(SolutionConfigurationPlatforms) = preSolution
		Debug|Any CPU = Debug|Any CPU
		Release|Any CPU = Release|Any CPU
	EndGlobalSection
	GlobalSection(ProjectConfigurationPlatforms) = postSolution
		{7BECF08B-9D5C-415A-A226-39249B5B6FDE}.Debug|Any CPU.ActiveCfg = Debug|Any CPU
		{7BECF08B-9D5C-415A-A226-39249B5B6FDE}.Debug|Any CPU.Build.0 = Debug|Any CPU
		{7BECF08B-9D5C-415A-A226-39249B5B6FDE}.Release|Any CPU.ActiveCfg = Release|Any CPU
		{7BECF08B-9D5C-415A-A226-39249B5B6FDE}.Release|Any CPU.Build.0 = Release|Any CPU
	EndGlobalSection
	GlobalSection(SolutionProperties) = preSolution
		HideSolutionNode = FALSE
	EndGlobalSection
	GlobalSection(ExtensibilityGlobals) = postSolution
		SolutionGuid = {FD4169D8-0FE6-4CAB-BD22-02D9045CF3E9}
	EndGlobalSection
EndGlobal
